
Microsoft Visual Studio Solution File, Format Version 12.00
# Visual Studio Version 17
VisualStudioVersion = 17.10.34916.146
MinimumVisualStudioVersion = 10.0.40219.1
Project("{FAE04EC0-301F-11D3-BF4B-00C04F79EFBC}") = "Applelicious-Ventures", "Applelicious-Ventures.csproj", "{58005FA6-4797-4A92-B1C5-49E5F085B849}"
EndProject
Global
	GlobalSection(SolutionConfigurationPlatforms) = preSolution
		Debug|Any CPU = Debug|Any CPU
		Release|Any CPU = Release|Any CPU
	EndGlobalSection
	GlobalSection(ProjectConfigurationPlatforms) = postSolution
		{58005FA6-4797-4A92-B1C5-49E5F085B849}.Debug|Any CPU.ActiveCfg = Debug|Any CPU
		{58005FA6-4797-4A92-B1C5-49E5F085B849}.Debug|Any CPU.Build.0 = Debug|Any CPU
		{58005FA6-4797-4A92-B1C5-49E5F085B849}.Release|Any CPU.ActiveCfg = Release|Any CPU
		{58005FA6-4797-4A92-B1C5-49E5F085B849}.Release|Any CPU.Build.0 = Release|Any CPU
	EndGlobalSection
	GlobalSection(SolutionProperties) = preSolution
		HideSolutionNode = FALSE
	EndGlobalSection
	GlobalSection(ExtensibilityGlobals) = postSolution
		SolutionGuid = {F614E233-12EF-4F83-936F-05386D4D8309}
	EndGlobalSection
EndGlobal
